
Microsoft Visual Studio Solution File, Format Version 10.00
# Visual Studio 2008
Project("{FAE04EC0-301F-11D3-BF4B-00C04F79EFBC}") = "ComposableNunit", "ComposableNunit\ComposableNunit.csproj", "{B6485E0F-281B-4C4C-BE1B-023458168EE2}"
EndProject
Project("{FAE04EC0-301F-11D3-BF4B-00C04F79EFBC}") = "ComposableNunit.Test", "ComposableNunit.Test\ComposableNunit.Test.csproj", "{BA820C6C-B7F3-45D3-ACC4-75C9D5C44C99}"
EndProject
Global
	GlobalSection(SolutionConfigurationPlatforms) = preSolution
		Debug|Any CPU = Debug|Any CPU
		Release|Any CPU = Release|Any CPU
	EndGlobalSection
	GlobalSection(ProjectConfigurationPlatforms) = postSolution
		{B6485E0F-281B-4C4C-BE1B-023458168EE2}.Debug|Any CPU.ActiveCfg = Debug|Any CPU
		{B6485E0F-281B-4C4C-BE1B-023458168EE2}.Debug|Any CPU.Build.0 = Debug|Any CPU
		{B6485E0F-281B-4C4C-BE1B-023458168EE2}.Release|Any CPU.ActiveCfg = Release|Any CPU
		{B6485E0F-281B-4C4C-BE1B-023458168EE2}.Release|Any CPU.Build.0 = Release|Any CPU
		{BA820C6C-B7F3-45D3-ACC4-75C9D5C44C99}.Debug|Any CPU.ActiveCfg = Debug|Any CPU
		{BA820C6C-B7F3-45D3-ACC4-75C9D5C44C99}.Debug|Any CPU.Build.0 = Debug|Any CPU
		{BA820C6C-B7F3-45D3-ACC4-75C9D5C44C99}.Release|Any CPU.ActiveCfg = Release|Any CPU
		{BA820C6C-B7F3-45D3-ACC4-75C9D5C44C99}.Release|Any CPU.Build.0 = Release|Any CPU
	EndGlobalSection
	GlobalSection(SolutionProperties) = preSolution
		HideSolutionNode = FALSE
	EndGlobalSection
EndGlobal
